
Microsoft Visual Studio Solution File, Format Version 12.00
# Visual Studio 15
VisualStudioVersion = 15.0.28010.2036
MinimumVisualStudioVersion = 10.0.40219.1
Project("{FAE04EC0-301F-11D3-BF4B-00C04F79EFBC}") = "QLKS", "QLKS\QLKS.csproj", "{C3EFA9C2-C78D-4A83-8AD2-9BFA461479F4}"
EndProject
Project("{FAE04EC0-301F-11D3-BF4B-00C04F79EFBC}") = "BusinessLayer", "BusinessLayer\BusinessLayer.csproj", "{EA92D69A-F712-4A13-9108-23FDFDED6159}"
EndProject
Project("{FAE04EC0-301F-11D3-BF4B-00C04F79EFBC}") = "DataProvider", "DataProvider\DataProvider.csproj", "{589F4AE7-A07A-4FB8-9B7F-8C552E542BA7}"
EndProject
Global
	GlobalSection(SolutionConfigurationPlatforms) = preSolution
		Debug|Any CPU = Debug|Any CPU
		Release|Any CPU = Release|Any CPU
	EndGlobalSection
	GlobalSection(ProjectConfigurationPlatforms) = postSolution
		{C3EFA9C2-C78D-4A83-8AD2-9BFA461479F4}.Debug|Any CPU.ActiveCfg = Debug|Any CPU
		{C3EFA9C2-C78D-4A83-8AD2-9BFA461479F4}.Debug|Any CPU.Build.0 = Debug|Any CPU
		{C3EFA9C2-C78D-4A83-8AD2-9BFA461479F4}.Release|Any CPU.ActiveCfg = Release|Any CPU
		{C3EFA9C2-C78D-4A83-8AD2-9BFA461479F4}.Release|Any CPU.Build.0 = Release|Any CPU
		{EA92D69A-F712-4A13-9108-23FDFDED6159}.Debug|Any CPU.ActiveCfg = Debug|Any CPU
		{EA92D69A-F712-4A13-9108-23FDFDED6159}.Debug|Any CPU.Build.0 = Debug|Any CPU
		{EA92D69A-F712-4A13-9108-23FDFDED6159}.Release|Any CPU.ActiveCfg = Release|Any CPU
		{EA92D69A-F712-4A13-9108-23FDFDED6159}.Release|Any CPU.Build.0 = Release|Any CPU
		{589F4AE7-A07A-4FB8-9B7F-8C552E542BA7}.Debug|Any CPU.ActiveCfg = Debug|Any CPU
		{589F4AE7-A07A-4FB8-9B7F-8C552E542BA7}.Debug|Any CPU.Build.0 = Debug|Any CPU
		{589F4AE7-A07A-4FB8-9B7F-8C552E542BA7}.Release|Any CPU.ActiveCfg = Release|Any CPU
		{589F4AE7-A07A-4FB8-9B7F-8C552E542BA7}.Release|Any CPU.Build.0 = Release|Any CPU
	EndGlobalSection
	GlobalSection(SolutionProperties) = preSolution
		HideSolutionNode = FALSE
	EndGlobalSection
	GlobalSection(ExtensibilityGlobals) = postSolution
		SolutionGuid = {2F96DEC7-D11C-4DB5-81B0-0E9E17F0E6BC}
	EndGlobalSection
EndGlobal
